
Microsoft Visual Studio Solution File, Format Version 12.00
# Visual Studio Version 17
VisualStudioVersion = 17.11.35303.130
MinimumVisualStudioVersion = 10.0.40219.1
Project("{FAE04EC0-301F-11D3-BF4B-00C04F79EFBC}") = "RazorPagesMovie", "RazorPagesMovie\RazorPagesMovie.csproj", "{219569C9-3B92-4817-89F6-5C36DF8B0914}"
EndProject
Global
	GlobalSection(SolutionConfigurationPlatforms) = preSolution
		Debug|Any CPU = Debug|Any CPU
		Release|Any CPU = Release|Any CPU
	EndGlobalSection
	GlobalSection(ProjectConfigurationPlatforms) = postSolution
		{219569C9-3B92-4817-89F6-5C36DF8B0914}.Debug|Any CPU.ActiveCfg = Debug|Any CPU
		{219569C9-3B92-4817-89F6-5C36DF8B0914}.Debug|Any CPU.Build.0 = Debug|Any CPU
		{219569C9-3B92-4817-89F6-5C36DF8B0914}.Release|Any CPU.ActiveCfg = Release|Any CPU
		{219569C9-3B92-4817-89F6-5C36DF8B0914}.Release|Any CPU.Build.0 = Release|Any CPU
	EndGlobalSection
	GlobalSection(SolutionProperties) = preSolution
		HideSolutionNode = FALSE
	EndGlobalSection
	GlobalSection(ExtensibilityGlobals) = postSolution
		SolutionGuid = {99BBAF51-E00B-4729-9990-86F622CA78C2}
	EndGlobalSection
EndGlobal
